// !$*UTF8*$!
{
	archiveVersion = 1;
	classes = {
	};
	objectVersion = 77;
	objects = {

/* Begin PBXBuildFile section */
		0D16E5F12DA86B270029889F /* KoungaFamilyChoreRewardsApp.swift in Sources */ = {isa = PBXBuildFile; fileRef = 0D16E5E22DA86B270029889F /* KoungaFamilyChoreRewardsApp.swift */; };
		0D16E5FE2DA86B270029889F /* Assets.xcassets in Resources */ = {isa = PBXBuildFile; fileRef = 0D16E5E02DA86B270029889F /* Assets.xcassets */; };
		0D16E6032DA86B510029889F /* Podfile in Resources */ = {isa = PBXBuildFile; fileRef = 0D16E6022DA86B510029889F /* Podfile */; };
		0D36E54C2DA728DD0090D0F2 /* FirebaseAuth in Frameworks */ = {isa = PBXBuildFile; productRef = 0D36E54B2DA728DD0090D0F2 /* FirebaseAuth */; };
		0D36E54E2DA728DD0090D0F2 /* FirebaseAuthCombine-Community in Frameworks */ = {isa = PBXBuildFile; productRef = 0D36E54D2DA728DD0090D0F2 /* FirebaseAuthCombine-Community */; };
		0D36E5502DA728DD0090D0F2 /* FirebaseFirestore in Frameworks */ = {isa = PBXBuildFile; productRef = 0D36E54F2DA728DD0090D0F2 /* FirebaseFirestore */; };
		0D36E5522DA728DD0090D0F2 /* FirebaseMessaging in Frameworks */ = {isa = PBXBuildFile; productRef = 0D36E5512DA728DD0090D0F2 /* FirebaseMessaging */; };
		0D36E5542DA728DD0090D0F2 /* FirebaseStorage in Frameworks */ = {isa = PBXBuildFile; productRef = 0D36E5532DA728DD0090D0F2 /* FirebaseStorage */; };
		0D36E5992DA733E20090D0F2 /* SDWebImageSwiftUI in Frameworks */ = {isa = PBXBuildFile; productRef = 0D36E5982DA733E20090D0F2 /* SDWebImageSwiftUI */; };
		0D786B712DA86E0E0096B6C4 /* GoogleService-Info.plist in Resources */ = {isa = PBXBuildFile; fileRef = 0D786B702DA86E0E0096B6C4 /* GoogleService-Info.plist */; };
		4F667CC1FCA91AF65E7F47F3 /* Pods_KoungaFamilyChoreRewards.framework in Frameworks */ = {isa = PBXBuildFile; fileRef = 64A33844E989A64B97EEAEB7 /* Pods_KoungaFamilyChoreRewards.framework */; };
/* End PBXBuildFile section */

/* Begin PBXFileReference section */
		0D16E5E02DA86B270029889F /* Assets.xcassets */ = {isa = PBXFileReference; lastKnownFileType = folder.assetcatalog; path = Assets.xcassets; sourceTree = "<group>"; };
		0D16E5E22DA86B270029889F /* KoungaFamilyChoreRewardsApp.swift */ = {isa = PBXFileReference; lastKnownFileType = sourcecode.swift; path = KoungaFamilyChoreRewardsApp.swift; sourceTree = "<group>"; };
		0D16E6022DA86B510029889F /* Podfile */ = {isa = PBXFileReference; lastKnownFileType = text; path = Podfile; sourceTree = "<group>"; };
		0D36E51A2DA727430090D0F2 /* KoungaFamilyChoreRewards.app */ = {isa = PBXFileReference; explicitFileType = wrapper.application; includeInIndex = 0; path = KoungaFamilyChoreRewards.app; sourceTree = BUILT_PRODUCTS_DIR; };
		0D786B702DA86E0E0096B6C4 /* GoogleService-Info.plist */ = {isa = PBXFileReference; lastKnownFileType = text.plist.xml; path = "GoogleService-Info.plist"; sourceTree = "<group>"; };
		1DBCCFBB527C748934341C19 /* Pods-KoungaFamilyChoreRewards.release.xcconfig */ = {isa = PBXFileReference; includeInIndex = 1; lastKnownFileType = text.xcconfig; name = "Pods-KoungaFamilyChoreRewards.release.xcconfig"; path = "Target Support Files/Pods-KoungaFamilyChoreRewards/Pods-KoungaFamilyChoreRewards.release.xcconfig"; sourceTree = "<group>"; };
		64A33844E989A64B97EEAEB7 /* Pods_KoungaFamilyChoreRewards.framework */ = {isa = PBXFileReference; explicitFileType = wrapper.framework; includeInIndex = 0; path = Pods_KoungaFamilyChoreRewards.framework; sourceTree = BUILT_PRODUCTS_DIR; };
		EDADC1CB93074CEF0FC73295 /* Pods-KoungaFamilyChoreRewards.debug.xcconfig */ = {isa = PBXFileReference; includeInIndex = 1; lastKnownFileType = text.xcconfig; name = "Pods-KoungaFamilyChoreRewards.debug.xcconfig"; path = "Target Support Files/Pods-KoungaFamilyChoreRewards/Pods-KoungaFamilyChoreRewards.debug.xcconfig"; sourceTree = "<group>"; };
/* End PBXFileReference section */

/* Begin PBXFileSystemSynchronizedBuildFileExceptionSet section */
		0D16E6482DA86B990029889F /* Exceptions for "Models" folder in "KoungaFamilyChoreRewards" target */ = {
			isa = PBXFileSystemSynchronizedBuildFileExceptionSet;
			membershipExceptions = (
				AppError.swift,
				Chore.swift,
				Family.swift,
				Reward.swift,
				User.swift,
				UserRole.swift,
			);
			target = 0D36E5192DA727430090D0F2 /* KoungaFamilyChoreRewards */;
		};
		0D16E6492DA86B990029889F /* Exceptions for "ViewModels" folder in "KoungaFamilyChoreRewards" target */ = {
			isa = PBXFileSystemSynchronizedBuildFileExceptionSet;
			membershipExceptions = (
				AuthViewModel.swift,
				FamilyViewModel.swift,
			);
			target = 0D36E5192DA727430090D0F2 /* KoungaFamilyChoreRewards */;
		};
		0D16E64A2DA86B990029889F /* Exceptions for "Views" folder in "KoungaFamilyChoreRewards" target */ = {
			isa = PBXFileSystemSynchronizedBuildFileExceptionSet;
			membershipExceptions = (
				Auth/AuthView.swift,
				Auth/LoginView.swift,
				Auth/SignUpView.swift,
				Child/AddChoreView.swift,
				Child/AvailableRewardsView.swift,
				Child/ChildDashboardView.swift,
				Child/MyChoresView.swift,
				Child/MyPointsView.swift,
				Child/PhotoSubmissionView.swift,
				Parent/AddMemberView.swift,
				Parent/ChoreManagementView.swift,
				Parent/FamilyManagementView.swift,
				Parent/ParentDashboardView.swift,
				Parent/RewardManagementView.swift,
				Shared/ImagePicker.swift,
				Shared/LoadingView.swift,
			);
			target = 0D36E5192DA727430090D0F2 /* KoungaFamilyChoreRewards */;
		};
/* End PBXFileSystemSynchronizedBuildFileExceptionSet section */

/* Begin PBXFileSystemSynchronizedRootGroup section */
		0D16E60E2DA86B990029889F /* Models */ = {
			isa = PBXFileSystemSynchronizedRootGroup;
			exceptions = (
				0D16E6482DA86B990029889F /* Exceptions for "Models" folder in "KoungaFamilyChoreRewards" target */,
			);
			path = Models;
			sourceTree = "<group>";
		};
		0D16E6152DA86B990029889F /* Utilities */ = {
			isa = PBXFileSystemSynchronizedRootGroup;
			path = Utilities;
			sourceTree = "<group>";
		};
		0D16E6182DA86B990029889F /* ViewModels */ = {
			isa = PBXFileSystemSynchronizedRootGroup;
			exceptions = (
				0D16E6492DA86B990029889F /* Exceptions for "ViewModels" folder in "KoungaFamilyChoreRewards" target */,
			);
			path = ViewModels;
			sourceTree = "<group>";
		};
		0D16E62D2DA86B990029889F /* Views */ = {
			isa = PBXFileSystemSynchronizedRootGroup;
			exceptions = (
				0D16E64A2DA86B990029889F /* Exceptions for "Views" folder in "KoungaFamilyChoreRewards" target */,
			);
			path = Views;
			sourceTree = "<group>";
		};
/* End PBXFileSystemSynchronizedRootGroup section */

/* Begin PBXFrameworksBuildPhase section */
		0D36E5172DA727430090D0F2 /* Frameworks */ = {
			isa = PBXFrameworksBuildPhase;
			buildActionMask = 2147483647;
			files = (
				0D36E5992DA733E20090D0F2 /* SDWebImageSwiftUI in Frameworks */,
				0D36E5522DA728DD0090D0F2 /* FirebaseMessaging in Frameworks */,
				0D36E54C2DA728DD0090D0F2 /* FirebaseAuth in Frameworks */,
				0D36E54E2DA728DD0090D0F2 /* FirebaseAuthCombine-Community in Frameworks */,
				0D36E5542DA728DD0090D0F2 /* FirebaseStorage in Frameworks */,
				0D36E5502DA728DD0090D0F2 /* FirebaseFirestore in Frameworks */,
				4F667CC1FCA91AF65E7F47F3 /* Pods_KoungaFamilyChoreRewards.framework in Frameworks */,
			);
			runOnlyForDeploymentPostprocessing = 0;
		};
/* End PBXFrameworksBuildPhase section */

/* Begin PBXGroup section */
		0D36E5112DA727430090D0F2 = {
			isa = PBXGroup;
			children = (
				0D786B702DA86E0E0096B6C4 /* GoogleService-Info.plist */,
				0D16E6022DA86B510029889F /* Podfile */,
				0D36E51B2DA727430090D0F2 /* Products */,
				3FAEB81F0E09E067DB982DDC /* Pods */,
				765BB16BDA9EE100483A9DD9 /* Frameworks */,
				0D16E60E2DA86B990029889F /* Models */,
				0D16E6152DA86B990029889F /* Utilities */,
				0D16E6182DA86B990029889F /* ViewModels */,
				0D16E62D2DA86B990029889F /* Views */,
				0D16E5E02DA86B270029889F /* Assets.xcassets */,
				0D16E5E22DA86B270029889F /* KoungaFamilyChoreRewardsApp.swift */,
			);
			sourceTree = "<group>";
		};
		0D36E51B2DA727430090D0F2 /* Products */ = {
			isa = PBXGroup;
			children = (
				0D36E51A2DA727430090D0F2 /* KoungaFamilyChoreRewards.app */,
			);
			name = Products;
			sourceTree = "<group>";
		};
		3FAEB81F0E09E067DB982DDC /* Pods */ = {
			isa = PBXGroup;
			children = (
				EDADC1CB93074CEF0FC73295 /* Pods-KoungaFamilyChoreRewards.debug.xcconfig */,
				1DBCCFBB527C748934341C19 /* Pods-KoungaFamilyChoreRewards.release.xcconfig */,
			);
			path = Pods;
			sourceTree = "<group>";
		};
		765BB16BDA9EE100483A9DD9 /* Frameworks */ = {
			isa = PBXGroup;
			children = (
				64A33844E989A64B97EEAEB7 /* Pods_KoungaFamilyChoreRewards.framework */,
			);
			name = Frameworks;
			sourceTree = "<group>";
		};
/* End PBXGroup section */

/* Begin PBXNativeTarget section */
		0D36E5192DA727430090D0F2 /* KoungaFamilyChoreRewards */ = {
			isa = PBXNativeTarget;
			buildConfigurationList = 0D36E53B2DA727480090D0F2 /* Build configuration list for PBXNativeTarget "KoungaFamilyChoreRewards" */;
			buildPhases = (
				4C5ADBD63E592BA55FE41E27 /* [CP] Check Pods Manifest.lock */,
				0D36E5162DA727430090D0F2 /* Sources */,
				0D36E5172DA727430090D0F2 /* Frameworks */,
				0D36E5182DA727430090D0F2 /* Resources */,
				9E3F70A34A1D15CB28A07CE5 /* [CP] Embed Pods Frameworks */,
			);
			buildRules = (
			);
			dependencies = (
			);
			fileSystemSynchronizedGroups = (
				0D16E6152DA86B990029889F /* Utilities */,
			);
			name = KoungaFamilyChoreRewards;
			packageProductDependencies = (
				0D36E54B2DA728DD0090D0F2 /* FirebaseAuth */,
				0D36E54D2DA728DD0090D0F2 /* FirebaseAuthCombine-Community */,
				0D36E54F2DA728DD0090D0F2 /* FirebaseFirestore */,
				0D36E5512DA728DD0090D0F2 /* FirebaseMessaging */,
				0D36E5532DA728DD0090D0F2 /* FirebaseStorage */,
				0D36E5982DA733E20090D0F2 /* SDWebImageSwiftUI */,
			);
			productName = KoungaFamilyChoreRewards;
			productReference = 0D36E51A2DA727430090D0F2 /* KoungaFamilyChoreRewards.app */;
			productType = "com.apple.product-type.application";
		};
/* End PBXNativeTarget section */

/* Begin PBXProject section */
		0D36E5122DA727430090D0F2 /* Project object */ = {
			isa = PBXProject;
			attributes = {
				BuildIndependentTargetsInParallel = 1;
				LastSwiftUpdateCheck = 1630;
				LastUpgradeCheck = 1630;
				TargetAttributes = {
					0D36E5192DA727430090D0F2 = {
						CreatedOnToolsVersion = 16.3;
					};
				};
			};
			buildConfigurationList = 0D36E5152DA727430090D0F2 /* Build configuration list for PBXProject "KoungaFamilyChoreRewards" */;
			developmentRegion = en;
			hasScannedForEncodings = 0;
			knownRegions = (
				en,
				Base,
			);
			mainGroup = 0D36E5112DA727430090D0F2;
			minimizedProjectReferenceProxies = 1;
			packageReferences = (
				0D36E54A2DA728DD0090D0F2 /* XCRemoteSwiftPackageReference "firebase-ios-sdk" */,
				0D36E5972DA733990090D0F2 /* XCRemoteSwiftPackageReference "SDWebImageSwiftUI" */,
			);
			preferredProjectObjectVersion = 77;
			productRefGroup = 0D36E51B2DA727430090D0F2 /* Products */;
			projectDirPath = "";
			projectRoot = "";
			targets = (
				0D36E5192DA727430090D0F2 /* KoungaFamilyChoreRewards */,
			);
		};
/* End PBXProject section */

/* Begin PBXResourcesBuildPhase section */
		0D36E5182DA727430090D0F2 /* Resources */ = {
			isa = PBXResourcesBuildPhase;
			buildActionMask = 2147483647;
			files = (
				0D16E6032DA86B510029889F /* Podfile in Resources */,
				0D16E5FE2DA86B270029889F /* Assets.xcassets in Resources */,
				0D786B712DA86E0E0096B6C4 /* GoogleService-Info.plist in Resources */,
			);
			runOnlyForDeploymentPostprocessing = 0;
		};
/* End PBXResourcesBuildPhase section */

/* Begin PBXShellScriptBuildPhase section */
		4C5ADBD63E592BA55FE41E27 /* [CP] Check Pods Manifest.lock */ = {
			isa = PBXShellScriptBuildPhase;
			buildActionMask = 2147483647;
			files = (
			);
			inputFileListPaths = (
			);
			inputPaths = (
				"${PODS_PODFILE_DIR_PATH}/Podfile.lock",
				"${PODS_ROOT}/Manifest.lock",
			);
			name = "[CP] Check Pods Manifest.lock";
			outputFileListPaths = (
			);
			outputPaths = (
				"$(DERIVED_FILE_DIR)/Pods-KoungaFamilyChoreRewards-checkManifestLockResult.txt",
			);
			runOnlyForDeploymentPostprocessing = 0;
			shellPath = /bin/sh;
			shellScript = "diff \"${PODS_PODFILE_DIR_PATH}/Podfile.lock\" \"${PODS_ROOT}/Manifest.lock\" > /dev/null\nif [ $? != 0 ] ; then\n    # print error to STDERR\n    echo \"error: The sandbox is not in sync with the Podfile.lock. Run 'pod install' or update your CocoaPods installation.\" >&2\n    exit 1\nfi\n# This output is used by Xcode 'outputs' to avoid re-running this script phase.\necho \"SUCCESS\" > \"${SCRIPT_OUTPUT_FILE_0}\"\n";
			showEnvVarsInLog = 0;
		};
		9E3F70A34A1D15CB28A07CE5 /* [CP] Embed Pods Frameworks */ = {
			isa = PBXShellScriptBuildPhase;
			buildActionMask = 2147483647;
			files = (
			);
			inputFileListPaths = (
				"${PODS_ROOT}/Target Support Files/Pods-KoungaFamilyChoreRewards/Pods-KoungaFamilyChoreRewards-frameworks-${CONFIGURATION}-input-files.xcfilelist",
			);
			inputPaths = (
			);
			name = "[CP] Embed Pods Frameworks";
			outputFileListPaths = (
				"${PODS_ROOT}/Target Support Files/Pods-KoungaFamilyChoreRewards/Pods-KoungaFamilyChoreRewards-frameworks-${CONFIGURATION}-output-files.xcfilelist",
			);
			outputPaths = (
			);
			runOnlyForDeploymentPostprocessing = 0;
			shellPath = /bin/sh;
			shellScript = "\"${PODS_ROOT}/Target Support Files/Pods-KoungaFamilyChoreRewards/Pods-KoungaFamilyChoreRewards-frameworks.sh\"\n";
			showEnvVarsInLog = 0;
		};
/* End PBXShellScriptBuildPhase section */

/* Begin PBXSourcesBuildPhase section */
		0D36E5162DA727430090D0F2 /* Sources */ = {
			isa = PBXSourcesBuildPhase;
			buildActionMask = 2147483647;
			files = (
				0D16E5F12DA86B270029889F /* KoungaFamilyChoreRewardsApp.swift in Sources */,
			);
			runOnlyForDeploymentPostprocessing = 0;
		};
/* End PBXSourcesBuildPhase section */

/* Begin XCBuildConfiguration section */
		0D36E5392DA727480090D0F2 /* Debug */ = {
			isa = XCBuildConfiguration;
			buildSettings = {
				ALWAYS_SEARCH_USER_PATHS = NO;
				ASSETCATALOG_COMPILER_GENERATE_SWIFT_ASSET_SYMBOL_EXTENSIONS = YES;
				CLANG_ANALYZER_NONNULL = YES;
				CLANG_ANALYZER_NUMBER_OBJECT_CONVERSION = YES_AGGRESSIVE;
				CLANG_CXX_LANGUAGE_STANDARD = "gnu++20";
				CLANG_ENABLE_MODULES = YES;
				CLANG_ENABLE_OBJC_ARC = YES;
				CLANG_ENABLE_OBJC_WEAK = YES;
				CLANG_WARN_BLOCK_CAPTURE_AUTORELEASING = YES;
				CLANG_WARN_BOOL_CONVERSION = YES;
				CLANG_WARN_COMMA = YES;
				CLANG_WARN_CONSTANT_CONVERSION = YES;
				CLANG_WARN_DEPRECATED_OBJC_IMPLEMENTATIONS = YES;
				CLANG_WARN_DIRECT_OBJC_ISA_USAGE = YES_ERROR;
				CLANG_WARN_DOCUMENTATION_COMMENTS = YES;
				CLANG_WARN_EMPTY_BODY = YES;
				CLANG_WARN_ENUM_CONVERSION = YES;
				CLANG_WARN_INFINITE_RECURSION = YES;
				CLANG_WARN_INT_CONVERSION = YES;
				CLANG_WARN_NON_LITERAL_NULL_CONVERSION = YES;
				CLANG_WARN_OBJC_IMPLICIT_RETAIN_SELF = YES;
				CLANG_WARN_OBJC_LITERAL_CONVERSION = YES;
				CLANG_WARN_OBJC_ROOT_CLASS = YES_ERROR;
				CLANG_WARN_QUOTED_INCLUDE_IN_FRAMEWORK_HEADER = YES;
				CLANG_WARN_RANGE_LOOP_ANALYSIS = YES;
				CLANG_WARN_STRICT_PROTOTYPES = YES;
				CLANG_WARN_SUSPICIOUS_MOVE = YES;
				CLANG_WARN_UNGUARDED_AVAILABILITY = YES_AGGRESSIVE;
				CLANG_WARN_UNREACHABLE_CODE = YES;
				CLANG_WARN__DUPLICATE_METHOD_MATCH = YES;
				COPY_PHASE_STRIP = NO;
				DEBUG_INFORMATION_FORMAT = dwarf;
				DEVELOPMENT_TEAM = 229ULZV87R;
				ENABLE_STRICT_OBJC_MSGSEND = YES;
				ENABLE_TESTABILITY = YES;
				ENABLE_USER_SCRIPT_SANDBOXING = YES;
				GCC_C_LANGUAGE_STANDARD = gnu17;
				GCC_DYNAMIC_NO_PIC = NO;
				GCC_NO_COMMON_BLOCKS = YES;
				GCC_OPTIMIZATION_LEVEL = 0;
				GCC_PREPROCESSOR_DEFINITIONS = (
					"DEBUG=1",
					"$(inherited)",
				);
				GCC_WARN_64_TO_32_BIT_CONVERSION = YES;
				GCC_WARN_ABOUT_RETURN_TYPE = YES_ERROR;
				GCC_WARN_UNDECLARED_SELECTOR = YES;
				GCC_WARN_UNINITIALIZED_AUTOS = YES_AGGRESSIVE;
				GCC_WARN_UNUSED_FUNCTION = YES;
				GCC_WARN_UNUSED_VARIABLE = YES;
				IPHONEOS_DEPLOYMENT_TARGET = 18.4;
				LOCALIZATION_PREFERS_STRING_CATALOGS = YES;
				MTL_ENABLE_DEBUG_INFO = INCLUDE_SOURCE;
				MTL_FAST_MATH = YES;
				NEW_SETTING = "";
				ONLY_ACTIVE_ARCH = YES;
				SDKROOT = iphoneos;
				SWIFT_ACTIVE_COMPILATION_CONDITIONS = "DEBUG $(inherited)";
				SWIFT_OPTIMIZATION_LEVEL = "-Onone";
			};
			name = Debug;
		};
		0D36E53A2DA727480090D0F2 /* Release */ = {
			isa = XCBuildConfiguration;
			buildSettings = {
				ALWAYS_SEARCH_USER_PATHS = NO;
				ASSETCATALOG_COMPILER_GENERATE_SWIFT_ASSET_SYMBOL_EXTENSIONS = YES;
				CLANG_ANALYZER_NONNULL = YES;
				CLANG_ANALYZER_NUMBER_OBJECT_CONVERSION = YES_AGGRESSIVE;
				CLANG_CXX_LANGUAGE_STANDARD = "gnu++20";
				CLANG_ENABLE_MODULES = YES;
				CLANG_ENABLE_OBJC_ARC = YES;
				CLANG_ENABLE_OBJC_WEAK = YES;
				CLANG_WARN_BLOCK_CAPTURE_AUTORELEASING = YES;
				CLANG_WARN_BOOL_CONVERSION = YES;
				CLANG_WARN_COMMA = YES;
				CLANG_WARN_CONSTANT_CONVERSION = YES;
				CLANG_WARN_DEPRECATED_OBJC_IMPLEMENTATIONS = YES;
				CLANG_WARN_DIRECT_OBJC_ISA_USAGE = YES_ERROR;
				CLANG_WARN_DOCUMENTATION_COMMENTS = YES;
				CLANG_WARN_EMPTY_BODY = YES;
				CLANG_WARN_ENUM_CONVERSION = YES;
				CLANG_WARN_INFINITE_RECURSION = YES;
				CLANG_WARN_INT_CONVERSION = YES;
				CLANG_WARN_NON_LITERAL_NULL_CONVERSION = YES;
				CLANG_WARN_OBJC_IMPLICIT_RETAIN_SELF = YES;
				CLANG_WARN_OBJC_LITERAL_CONVERSION = YES;
				CLANG_WARN_OBJC_ROOT_CLASS = YES_ERROR;
				CLANG_WARN_QUOTED_INCLUDE_IN_FRAMEWORK_HEADER = YES;
				CLANG_WARN_RANGE_LOOP_ANALYSIS = YES;
				CLANG_WARN_STRICT_PROTOTYPES = YES;
				CLANG_WARN_SUSPICIOUS_MOVE = YES;
				CLANG_WARN_UNGUARDED_AVAILABILITY = YES_AGGRESSIVE;
				CLANG_WARN_UNREACHABLE_CODE = YES;
				CLANG_WARN__DUPLICATE_METHOD_MATCH = YES;
				COPY_PHASE_STRIP = NO;
				DEBUG_INFORMATION_FORMAT = "dwarf-with-dsym";
				DEVELOPMENT_TEAM = 229ULZV87R;
				ENABLE_NS_ASSERTIONS = NO;
				ENABLE_STRICT_OBJC_MSGSEND = YES;
				ENABLE_TESTABILITY = YES;
				ENABLE_USER_SCRIPT_SANDBOXING = YES;
				GCC_C_LANGUAGE_STANDARD = gnu17;
				GCC_NO_COMMON_BLOCKS = YES;
				GCC_WARN_64_TO_32_BIT_CONVERSION = YES;
				GCC_WARN_ABOUT_RETURN_TYPE = YES_ERROR;
				GCC_WARN_UNDECLARED_SELECTOR = YES;
				GCC_WARN_UNINITIALIZED_AUTOS = YES_AGGRESSIVE;
				GCC_WARN_UNUSED_FUNCTION = YES;
				GCC_WARN_UNUSED_VARIABLE = YES;
				IPHONEOS_DEPLOYMENT_TARGET = 18.4;
				LOCALIZATION_PREFERS_STRING_CATALOGS = YES;
				MTL_ENABLE_DEBUG_INFO = NO;
				MTL_FAST_MATH = YES;
				NEW_SETTING = "";
				SDKROOT = iphoneos;
				SWIFT_COMPILATION_MODE = wholemodule;
				VALIDATE_PRODUCT = YES;
			};
			name = Release;
		};
		0D36E53C2DA727480090D0F2 /* Debug */ = {
			isa = XCBuildConfiguration;
			baseConfigurationReference = EDADC1CB93074CEF0FC73295 /* Pods-KoungaFamilyChoreRewards.debug.xcconfig */;
			buildSettings = {
				ASSETCATALOG_COMPILER_APPICON_NAME = AppIcon;
				ASSETCATALOG_COMPILER_GLOBAL_ACCENT_COLOR_NAME = AccentColor;
				CODE_SIGN_STYLE = Automatic;
				CURRENT_PROJECT_VERSION = 1;
				DEVELOPMENT_TEAM = NEBBRU4N4H;
				ENABLE_PREVIEWS = YES;
				"FRAMEWORK_SEARCH_PATHS[arch=*]" = (
					"$(inherited)",
					"$(SRCROOT)/Pods",
					"\"${PODS_CONFIGURATION_BUILD_DIR}/BoringSSL-GRPC\"",
					"\"${PODS_CONFIGURATION_BUILD_DIR}/FirebaseAppCheckInterop\"",
					"\"${PODS_CONFIGURATION_BUILD_DIR}/FirebaseAuth\"",
					"\"${PODS_CONFIGURATION_BUILD_DIR}/FirebaseAuthInterop\"",
					"\"${PODS_CONFIGURATION_BUILD_DIR}/FirebaseCore\"",
					"\"${PODS_CONFIGURATION_BUILD_DIR}/FirebaseCoreExtension\"",
					"\"${PODS_CONFIGURATION_BUILD_DIR}/FirebaseCoreInternal\"",
					"\"${PODS_CONFIGURATION_BUILD_DIR}/FirebaseFirestore\"",
					"\"${PODS_CONFIGURATION_BUILD_DIR}/FirebaseFirestoreInternal\"",
					"\"${PODS_CONFIGURATION_BUILD_DIR}/FirebaseSharedSwift\"",
					"\"${PODS_CONFIGURATION_BUILD_DIR}/GTMSessionFetcher\"",
					"\"${PODS_CONFIGURATION_BUILD_DIR}/GoogleUtilities\"",
					"\"${PODS_CONFIGURATION_BUILD_DIR}/RecaptchaInterop\"",
					"\"${PODS_CONFIGURATION_BUILD_DIR}/abseil\"",
					"\"${PODS_CONFIGURATION_BUILD_DIR}/gRPC-C++\"",
					"\"${PODS_CONFIGURATION_BUILD_DIR}/gRPC-Core\"",
					"\"${PODS_CONFIGURATION_BUILD_DIR}/leveldb-library\"",
					"\"${PODS_CONFIGURATION_BUILD_DIR}/nanopb\"",
				);
				GENERATE_INFOPLIST_FILE = YES;
				INFOPLIST_KEY_UIApplicationSceneManifest_Generation = YES;
				INFOPLIST_KEY_UIApplicationSupportsIndirectInputEvents = YES;
				INFOPLIST_KEY_UILaunchScreen_Generation = YES;
				INFOPLIST_KEY_UISupportedInterfaceOrientations_iPad = "UIInterfaceOrientationPortrait UIInterfaceOrientationPortraitUpsideDown UIInterfaceOrientationLandscapeLeft UIInterfaceOrientationLandscapeRight";
				INFOPLIST_KEY_UISupportedInterfaceOrientations_iPhone = "UIInterfaceOrientationPortrait UIInterfaceOrientationLandscapeLeft UIInterfaceOrientationLandscapeRight";
				LD_RUNPATH_SEARCH_PATHS = (
					"$(inherited)",
					"@executable_path/Frameworks",
				);
				"LD_RUNPATH_SEARCH_PATHS[arch=*]" = (
					"$(inherited)",
					"$(SRCROOT)/Pods",
				);
				MARKETING_VERSION = 1.0;
				PRODUCT_BUNDLE_IDENTIFIER = "AJ-Games.KoungaFamilyChoreRewards";
				PRODUCT_NAME = "$(TARGET_NAME)";
				SWIFT_EMIT_LOC_STRINGS = YES;
				SWIFT_VERSION = 5.0;
				TARGETED_DEVICE_FAMILY = "1,2";
			};
			name = Debug;
		};
		0D36E53D2DA727480090D0F2 /* Release */ = {
			isa = XCBuildConfiguration;
			baseConfigurationReference = 1DBCCFBB527C748934341C19 /* Pods-KoungaFamilyChoreRewards.release.xcconfig */;
			buildSettings = {
				ASSETCATALOG_COMPILER_APPICON_NAME = AppIcon;
				ASSETCATALOG_COMPILER_GLOBAL_ACCENT_COLOR_NAME = AccentColor;
				CODE_SIGN_STYLE = Automatic;
				CURRENT_PROJECT_VERSION = 1;
				DEVELOPMENT_TEAM = NEBBRU4N4H;
				ENABLE_PREVIEWS = YES;
				GENERATE_INFOPLIST_FILE = YES;
				INFOPLIST_KEY_UIApplicationSceneManifest_Generation = YES;
				INFOPLIST_KEY_UIApplicationSupportsIndirectInputEvents = YES;
				INFOPLIST_KEY_UILaunchScreen_Generation = YES;
				INFOPLIST_KEY_UISupportedInterfaceOrientations_iPad = "UIInterfaceOrientationPortrait UIInterfaceOrientationPortraitUpsideDown UIInterfaceOrientationLandscapeLeft UIInterfaceOrientationLandscapeRight";
				INFOPLIST_KEY_UISupportedInterfaceOrientations_iPhone = "UIInterfaceOrientationPortrait UIInterfaceOrientationLandscapeLeft UIInterfaceOrientationLandscapeRight";
				LD_RUNPATH_SEARCH_PATHS = (
					"$(inherited)",
					"@executable_path/Frameworks",
				);
				MARKETING_VERSION = 1.0;
				PRODUCT_BUNDLE_IDENTIFIER = "AJ-Games.KoungaFamilyChoreRewards";
				PRODUCT_NAME = "$(TARGET_NAME)";
				SWIFT_EMIT_LOC_STRINGS = YES;
				SWIFT_VERSION = 5.0;
				TARGETED_DEVICE_FAMILY = "1,2";
			};
			name = Release;
		};
/* End XCBuildConfiguration section */

/* Begin XCConfigurationList section */
		0D36E5152DA727430090D0F2 /* Build configuration list for PBXProject "KoungaFamilyChoreRewards" */ = {
			isa = XCConfigurationList;
			buildConfigurations = (
				0D36E5392DA727480090D0F2 /* Debug */,
				0D36E53A2DA727480090D0F2 /* Release */,
			);
			defaultConfigurationIsVisible = 0;
			defaultConfigurationName = Release;
		};
		0D36E53B2DA727480090D0F2 /* Build configuration list for PBXNativeTarget "KoungaFamilyChoreRewards" */ = {
			isa = XCConfigurationList;
			buildConfigurations = (
				0D36E53C2DA727480090D0F2 /* Debug */,
				0D36E53D2DA727480090D0F2 /* Release */,
			);
			defaultConfigurationIsVisible = 0;
			defaultConfigurationName = Release;
		};
/* End XCConfigurationList section */

/* Begin XCRemoteSwiftPackageReference section */
		0D36E54A2DA728DD0090D0F2 /* XCRemoteSwiftPackageReference "firebase-ios-sdk" */ = {
			isa = XCRemoteSwiftPackageReference;
			repositoryURL = "https://github.com/firebase/firebase-ios-sdk.git";
			requirement = {
				kind = upToNextMajorVersion;
				minimumVersion = 11.11.0;
			};
		};
		0D36E5972DA733990090D0F2 /* XCRemoteSwiftPackageReference "SDWebImageSwiftUI" */ = {
			isa = XCRemoteSwiftPackageReference;
			repositoryURL = "https://github.com/SDWebImage/SDWebImageSwiftUI.git";
			requirement = {
				kind = upToNextMajorVersion;
				minimumVersion = 3.1.3;
			};
		};
/* End XCRemoteSwiftPackageReference section */

/* Begin XCSwiftPackageProductDependency section */
		0D36E54B2DA728DD0090D0F2 /* FirebaseAuth */ = {
			isa = XCSwiftPackageProductDependency;
			package = 0D36E54A2DA728DD0090D0F2 /* XCRemoteSwiftPackageReference "firebase-ios-sdk" */;
			productName = FirebaseAuth;
		};
		0D36E54D2DA728DD0090D0F2 /* FirebaseAuthCombine-Community */ = {
			isa = XCSwiftPackageProductDependency;
			package = 0D36E54A2DA728DD0090D0F2 /* XCRemoteSwiftPackageReference "firebase-ios-sdk" */;
			productName = "FirebaseAuthCombine-Community";
		};
		0D36E54F2DA728DD0090D0F2 /* FirebaseFirestore */ = {
			isa = XCSwiftPackageProductDependency;
			package = 0D36E54A2DA728DD0090D0F2 /* XCRemoteSwiftPackageReference "firebase-ios-sdk" */;
			productName = FirebaseFirestore;
		};
		0D36E5512DA728DD0090D0F2 /* FirebaseMessaging */ = {
			isa = XCSwiftPackageProductDependency;
			package = 0D36E54A2DA728DD0090D0F2 /* XCRemoteSwiftPackageReference "firebase-ios-sdk" */;
			productName = FirebaseMessaging;
		};
		0D36E5532DA728DD0090D0F2 /* FirebaseStorage */ = {
			isa = XCSwiftPackageProductDependency;
			package = 0D36E54A2DA728DD0090D0F2 /* XCRemoteSwiftPackageReference "firebase-ios-sdk" */;
			productName = FirebaseStorage;
		};
		0D36E5982DA733E20090D0F2 /* SDWebImageSwiftUI */ = {
			isa = XCSwiftPackageProductDependency;
			package = 0D36E5972DA733990090D0F2 /* XCRemoteSwiftPackageReference "SDWebImageSwiftUI" */;
			productName = SDWebImageSwiftUI;
		};
/* End XCSwiftPackageProductDependency section */
	};
	rootObject = 0D36E5122DA727430090D0F2 /* Project object */;
}
